
Microsoft Visual Studio Solution File, Format Version 12.00
# Visual Studio 15
VisualStudioVersion = 15.0.28307.572
MinimumVisualStudioVersion = 10.0.40219.1
Project("{FAE04EC0-301F-11D3-BF4B-00C04F79EFBC}") = "TccFirst", "TccFirst\TccFirst.csproj", "{0EFF2F2F-7AFA-48F5-9842-36591D7EE718}"
EndProject
Project("{FAE04EC0-301F-11D3-BF4B-00C04F79EFBC}") = "Model", "Model\Model.csproj", "{B0D07CB3-4D2E-4988-9EF0-62E4FE558AF4}"
EndProject
Project("{FAE04EC0-301F-11D3-BF4B-00C04F79EFBC}") = "Repository", "Repository\Repository.csproj", "{01F58C13-9C92-4425-B6ED-78E701EAE7BA}"
EndProject
Global
	GlobalSection(SolutionConfigurationPlatforms) = preSolution
		Debug|Any CPU = Debug|Any CPU
		Release|Any CPU = Release|Any CPU
	EndGlobalSection
	GlobalSection(ProjectConfigurationPlatforms) = postSolution
		{0EFF2F2F-7AFA-48F5-9842-36591D7EE718}.Debug|Any CPU.ActiveCfg = Debug|Any CPU
		{0EFF2F2F-7AFA-48F5-9842-36591D7EE718}.Debug|Any CPU.Build.0 = Debug|Any CPU
		{0EFF2F2F-7AFA-48F5-9842-36591D7EE718}.Release|Any CPU.ActiveCfg = Release|Any CPU
		{0EFF2F2F-7AFA-48F5-9842-36591D7EE718}.Release|Any CPU.Build.0 = Release|Any CPU
		{B0D07CB3-4D2E-4988-9EF0-62E4FE558AF4}.Debug|Any CPU.ActiveCfg = Debug|Any CPU
		{B0D07CB3-4D2E-4988-9EF0-62E4FE558AF4}.Debug|Any CPU.Build.0 = Debug|Any CPU
		{B0D07CB3-4D2E-4988-9EF0-62E4FE558AF4}.Release|Any CPU.ActiveCfg = Release|Any CPU
		{B0D07CB3-4D2E-4988-9EF0-62E4FE558AF4}.Release|Any CPU.Build.0 = Release|Any CPU
		{01F58C13-9C92-4425-B6ED-78E701EAE7BA}.Debug|Any CPU.ActiveCfg = Debug|Any CPU
		{01F58C13-9C92-4425-B6ED-78E701EAE7BA}.Debug|Any CPU.Build.0 = Debug|Any CPU
		{01F58C13-9C92-4425-B6ED-78E701EAE7BA}.Release|Any CPU.ActiveCfg = Release|Any CPU
		{01F58C13-9C92-4425-B6ED-78E701EAE7BA}.Release|Any CPU.Build.0 = Release|Any CPU
	EndGlobalSection
	GlobalSection(SolutionProperties) = preSolution
		HideSolutionNode = FALSE
	EndGlobalSection
	GlobalSection(ExtensibilityGlobals) = postSolution
		SolutionGuid = {3C620C68-770D-4111-BB74-4065FAAD165E}
	EndGlobalSection
EndGlobal
